{
  "version": 4,
  "terraform_version": "1.2.5",
  "serial": 23,
  "lineage": "a5383540-6dbf-ed4d-d35e-8691feb4fc4b",
  "outputs": {
    "developers": {
      "value": [
        {
          "is_developer": true,
          "level": 1,
          "name": "alice",
          "role": "인턴 개발자"
        },
        {
          "is_developer": true,
          "level": 4,
          "name": "tony",
          "role": "데브옵스"
        }
      ],
      "type": [
        "tuple",
        [
          [
            "object",
            {
              "is_developer": "bool",
              "level": "number",
              "name": "string",
              "role": "string"
            }
          ],
          [
            "object",
            {
              "is_developer": "bool",
              "level": "number",
              "name": "string",
              "role": "string"
            }
          ]
        ]
      ]
    },
    "groups": {
      "value": [
        {
          "arn": "arn:aws:iam::154309361967:group/developer",
          "id": "developer",
          "name": "developer",
          "path": "/",
          "unique_id": "AGPASH3MOAEX5ELD5E3VX"
        },
        {
          "arn": "arn:aws:iam::154309361967:group/employee",
          "id": "employee",
          "name": "employee",
          "path": "/",
          "unique_id": "AGPASH3MOAEX6F3IHAIEN"
        }
      ],
      "type": [
        "tuple",
        [
          [
            "object",
            {
              "arn": "string",
              "id": "string",
              "name": "string",
              "path": "string",
              "unique_id": "string"
            }
          ],
          [
            "object",
            {
              "arn": "string",
              "id": "string",
              "name": "string",
              "path": "string",
              "unique_id": "string"
            }
          ]
        ]
      ]
    },
    "high_level_users": {
      "value": [
        {
          "is_developer": false,
          "level": 7,
          "name": "john",
          "role": "재무"
        },
        {
          "is_developer": false,
          "level": 9,
          "name": "cindy",
          "role": "경영"
        }
      ],
      "type": [
        "tuple",
        [
          [
            "object",
            {
              "is_developer": "bool",
              "level": "number",
              "name": "string",
              "role": "string"
            }
          ],
          [
            "object",
            {
              "is_developer": "bool",
              "level": "number",
              "name": "string",
              "role": "string"
            }
          ]
        ]
      ]
    }
  },
  "resources": [
    {
      "mode": "managed",
      "type": "aws_iam_group",
      "name": "developer",
      "provider": "provider[\"registry.terraform.io/hashicorp/aws\"]",
      "instances": [
        {
          "schema_version": 0,
          "attributes": {
            "arn": "arn:aws:iam::154309361967:group/developer",
            "id": "developer",
            "name": "developer",
            "path": "/",
            "unique_id": "AGPASH3MOAEX5ELD5E3VX"
          },
          "sensitive_attributes": [],
          "private": "bnVsbA=="
        }
      ]
    },
    {
      "mode": "managed",
      "type": "aws_iam_group",
      "name": "employee",
      "provider": "provider[\"registry.terraform.io/hashicorp/aws\"]",
      "instances": [
        {
          "schema_version": 0,
          "attributes": {
            "arn": "arn:aws:iam::154309361967:group/employee",
            "id": "employee",
            "name": "employee",
            "path": "/",
            "unique_id": "AGPASH3MOAEX6F3IHAIEN"
          },
          "sensitive_attributes": [],
          "private": "bnVsbA=="
        }
      ]
    },
    {
      "mode": "managed",
      "type": "aws_iam_user",
      "name": "this",
      "provider": "provider[\"registry.terraform.io/hashicorp/aws\"]",
      "instances": [
        {
          "index_key": "alice",
          "schema_version": 0,
          "attributes": {
            "arn": "arn:aws:iam::154309361967:user/alice",
            "force_destroy": false,
            "id": "alice",
            "name": "alice",
            "path": "/",
            "permissions_boundary": null,
            "tags": {
              "level": "1",
              "role": "인턴 개발자"
            },
            "tags_all": {
              "level": "1",
              "role": "인턴 개발자"
            },
            "unique_id": "AIDASH3MOAEXUYQ57BSUG"
          },
          "sensitive_attributes": [],
          "private": "bnVsbA=="
        },
        {
          "index_key": "cindy",
          "schema_version": 0,
          "attributes": {
            "arn": "arn:aws:iam::154309361967:user/cindy",
            "force_destroy": false,
            "id": "cindy",
            "name": "cindy",
            "path": "/",
            "permissions_boundary": null,
            "tags": {
              "level": "9",
              "role": "경영"
            },
            "tags_all": {
              "level": "9",
              "role": "경영"
            },
            "unique_id": "AIDASH3MOAEX5QSBR4JHT"
          },
          "sensitive_attributes": [],
          "private": "bnVsbA=="
        },
        {
          "index_key": "hoon",
          "schema_version": 0,
          "attributes": {
            "arn": "arn:aws:iam::154309361967:user/hoon",
            "force_destroy": false,
            "id": "hoon",
            "name": "hoon",
            "path": "/",
            "permissions_boundary": null,
            "tags": {
              "level": "3",
              "role": "마케팅"
            },
            "tags_all": {
              "level": "3",
              "role": "마케팅"
            },
            "unique_id": "AIDASH3MOAEX7N2XBEBVZ"
          },
          "sensitive_attributes": [],
          "private": "bnVsbA=="
        },
        {
          "index_key": "john",
          "schema_version": 0,
          "attributes": {
            "arn": "arn:aws:iam::154309361967:user/john",
            "force_destroy": false,
            "id": "john",
            "name": "john",
            "path": "/",
            "permissions_boundary": null,
            "tags": {
              "level": "7",
              "role": "재무"
            },
            "tags_all": {
              "level": "7",
              "role": "재무"
            },
            "unique_id": "AIDASH3MOAEXXZNW2AXH6"
          },
          "sensitive_attributes": [],
          "private": "bnVsbA=="
        },
        {
          "index_key": "tony",
          "schema_version": 0,
          "attributes": {
            "arn": "arn:aws:iam::154309361967:user/tony",
            "force_destroy": false,
            "id": "tony",
            "name": "tony",
            "path": "/",
            "permissions_boundary": null,
            "tags": {
              "level": "4",
              "role": "데브옵스"
            },
            "tags_all": {
              "level": "4",
              "role": "데브옵스"
            },
            "unique_id": "AIDASH3MOAEXTE37WMDGN"
          },
          "sensitive_attributes": [],
          "private": "bnVsbA=="
        }
      ]
    },
    {
      "mode": "managed",
      "type": "aws_iam_user_group_membership",
      "name": "this",
      "provider": "provider[\"registry.terraform.io/hashicorp/aws\"]",
      "instances": [
        {
          "index_key": "alice",
          "schema_version": 0,
          "attributes": {
            "groups": [
              "developer",
              "employee"
            ],
            "id": "terraform-20220721131445617300000002",
            "user": "alice"
          },
          "sensitive_attributes": [],
          "private": "bnVsbA==",
          "dependencies": [
            "aws_iam_group.developer",
            "aws_iam_group.employee"
          ]
        },
        {
          "index_key": "cindy",
          "schema_version": 0,
          "attributes": {
            "groups": [
              "employee"
            ],
            "id": "terraform-20220721131109803400000001",
            "user": "cindy"
          },
          "sensitive_attributes": [],
          "private": "bnVsbA==",
          "dependencies": [
            "aws_iam_group.developer",
            "aws_iam_group.employee"
          ]
        },
        {
          "index_key": "hoon",
          "schema_version": 0,
          "attributes": {
            "groups": [
              "employee"
            ],
            "id": "terraform-20220721131109812300000002",
            "user": "hoon"
          },
          "sensitive_attributes": [],
          "private": "bnVsbA==",
          "dependencies": [
            "aws_iam_group.developer",
            "aws_iam_group.employee"
          ]
        },
        {
          "index_key": "john",
          "schema_version": 0,
          "attributes": {
            "groups": [
              "employee"
            ],
            "id": "terraform-20220721131445401800000001",
            "user": "john"
          },
          "sensitive_attributes": [],
          "private": "bnVsbA==",
          "dependencies": [
            "aws_iam_group.developer",
            "aws_iam_group.employee"
          ]
        },
        {
          "index_key": "tony",
          "schema_version": 0,
          "attributes": {
            "groups": [
              "developer",
              "employee"
            ],
            "id": "terraform-20220721131110025000000004",
            "user": "tony"
          },
          "sensitive_attributes": [],
          "private": "bnVsbA==",
          "dependencies": [
            "aws_iam_group.developer",
            "aws_iam_group.employee"
          ]
        }
      ]
    },
    {
      "mode": "managed",
      "type": "aws_iam_user_policy_attachment",
      "name": "developer",
      "provider": "provider[\"registry.terraform.io/hashicorp/aws\"]",
      "instances": [
        {
          "index_key": "alice",
          "schema_version": 0,
          "attributes": {
            "id": "alice-20220721140651191900000002",
            "policy_arn": "arn:aws:iam::aws:policy/AdministratorAccess",
            "user": "alice"
          },
          "sensitive_attributes": [],
          "private": "bnVsbA==",
          "dependencies": [
            "aws_iam_user.this"
          ]
        },
        {
          "index_key": "tony",
          "schema_version": 0,
          "attributes": {
            "id": "tony-20220721140651166700000001",
            "policy_arn": "arn:aws:iam::aws:policy/AdministratorAccess",
            "user": "tony"
          },
          "sensitive_attributes": [],
          "private": "bnVsbA==",
          "dependencies": [
            "aws_iam_user.this"
          ]
        }
      ]
    }
  ]
}
