{
  "version": 4,
  "terraform_version": "1.2.5",
  "serial": 57,
  "lineage": "685d196e-74cd-3691-fd1a-f057ab069ae1",
  "outputs": {
    "for_each_map_user_arns": {
      "value": [
        "arn:aws:iam::154309361967:user/alice",
        "arn:aws:iam::154309361967:user/bob",
        "arn:aws:iam::154309361967:user/john"
      ],
      "type": [
        "tuple",
        [
          "string",
          "string",
          "string"
        ]
      ]
    }
  },
  "resources": [
    {
      "mode": "managed",
      "type": "aws_iam_user",
      "name": "count",
      "provider": "provider[\"registry.terraform.io/hashicorp/aws\"]",
      "instances": [
        {
          "index_key": 0,
          "schema_version": 0,
          "attributes": {
            "arn": "arn:aws:iam::154309361967:user/count-user-0",
            "force_destroy": false,
            "id": "count-user-0",
            "name": "count-user-0",
            "path": "/",
            "permissions_boundary": null,
            "tags": {},
            "tags_all": {},
            "unique_id": "AIDASH3MOAEX74XZV55ZU"
          },
          "sensitive_attributes": [],
          "private": "bnVsbA=="
        },
        {
          "index_key": 1,
          "schema_version": 0,
          "attributes": {
            "arn": "arn:aws:iam::154309361967:user/count-user-1",
            "force_destroy": false,
            "id": "count-user-1",
            "name": "count-user-1",
            "path": "/",
            "permissions_boundary": null,
            "tags": {},
            "tags_all": {},
            "unique_id": "AIDASH3MOAEXR43K6JQGD"
          },
          "sensitive_attributes": [],
          "private": "bnVsbA=="
        },
        {
          "index_key": 2,
          "schema_version": 0,
          "attributes": {
            "arn": "arn:aws:iam::154309361967:user/count-user-2",
            "force_destroy": false,
            "id": "count-user-2",
            "name": "count-user-2",
            "path": "/",
            "permissions_boundary": null,
            "tags": {},
            "tags_all": {},
            "unique_id": "AIDASH3MOAEXZT6D4ZOQS"
          },
          "sensitive_attributes": [],
          "private": "bnVsbA=="
        },
        {
          "index_key": 3,
          "schema_version": 0,
          "attributes": {
            "arn": "arn:aws:iam::154309361967:user/count-user-3",
            "force_destroy": false,
            "id": "count-user-3",
            "name": "count-user-3",
            "path": "/",
            "permissions_boundary": null,
            "tags": {},
            "tags_all": {},
            "unique_id": "AIDASH3MOAEX2TPHW2XVJ"
          },
          "sensitive_attributes": [],
          "private": "bnVsbA=="
        },
        {
          "index_key": 4,
          "schema_version": 0,
          "attributes": {
            "arn": "arn:aws:iam::154309361967:user/count-user-4",
            "force_destroy": false,
            "id": "count-user-4",
            "name": "count-user-4",
            "path": "/",
            "permissions_boundary": null,
            "tags": {},
            "tags_all": {},
            "unique_id": "AIDASH3MOAEXSAMW3I7NX"
          },
          "sensitive_attributes": [],
          "private": "bnVsbA=="
        },
        {
          "index_key": 5,
          "schema_version": 0,
          "attributes": {
            "arn": "arn:aws:iam::154309361967:user/count-user-5",
            "force_destroy": false,
            "id": "count-user-5",
            "name": "count-user-5",
            "path": "/",
            "permissions_boundary": null,
            "tags": {},
            "tags_all": {},
            "unique_id": "AIDASH3MOAEXVSA6FRKCS"
          },
          "sensitive_attributes": [],
          "private": "bnVsbA=="
        },
        {
          "index_key": 6,
          "schema_version": 0,
          "attributes": {
            "arn": "arn:aws:iam::154309361967:user/count-user-6",
            "force_destroy": false,
            "id": "count-user-6",
            "name": "count-user-6",
            "path": "/",
            "permissions_boundary": null,
            "tags": {},
            "tags_all": {},
            "unique_id": "AIDASH3MOAEXQICBBRIRW"
          },
          "sensitive_attributes": [],
          "private": "bnVsbA=="
        },
        {
          "index_key": 7,
          "schema_version": 0,
          "attributes": {
            "arn": "arn:aws:iam::154309361967:user/count-user-7",
            "force_destroy": false,
            "id": "count-user-7",
            "name": "count-user-7",
            "path": "/",
            "permissions_boundary": null,
            "tags": {},
            "tags_all": {},
            "unique_id": "AIDASH3MOAEXV5OVQLWZU"
          },
          "sensitive_attributes": [],
          "private": "bnVsbA=="
        },
        {
          "index_key": 8,
          "schema_version": 0,
          "attributes": {
            "arn": "arn:aws:iam::154309361967:user/count-user-8",
            "force_destroy": false,
            "id": "count-user-8",
            "name": "count-user-8",
            "path": "/",
            "permissions_boundary": null,
            "tags": {},
            "tags_all": {},
            "unique_id": "AIDASH3MOAEXWJOVNPAEZ"
          },
          "sensitive_attributes": [],
          "private": "bnVsbA=="
        },
        {
          "index_key": 9,
          "schema_version": 0,
          "attributes": {
            "arn": "arn:aws:iam::154309361967:user/count-user-9",
            "force_destroy": false,
            "id": "count-user-9",
            "name": "count-user-9",
            "path": "/",
            "permissions_boundary": null,
            "tags": {},
            "tags_all": {},
            "unique_id": "AIDASH3MOAEX2VI5D54KS"
          },
          "sensitive_attributes": [],
          "private": "bnVsbA=="
        }
      ]
    },
    {
      "mode": "managed",
      "type": "aws_iam_user",
      "name": "for_each_map",
      "provider": "provider[\"registry.terraform.io/hashicorp/aws\"]",
      "instances": [
        {
          "index_key": "alice",
          "schema_version": 0,
          "attributes": {
            "arn": "arn:aws:iam::154309361967:user/alice",
            "force_destroy": false,
            "id": "alice",
            "name": "alice",
            "path": "/",
            "permissions_boundary": null,
            "tags": {
              "level": "low",
              "manager": "posquit0"
            },
            "tags_all": {
              "level": "low",
              "manager": "posquit0"
            },
            "unique_id": "AIDASH3MOAEXQEM35KSG7"
          },
          "sensitive_attributes": [],
          "private": "bnVsbA=="
        },
        {
          "index_key": "bob",
          "schema_version": 0,
          "attributes": {
            "arn": "arn:aws:iam::154309361967:user/bob",
            "force_destroy": false,
            "id": "bob",
            "name": "bob",
            "path": "/",
            "permissions_boundary": null,
            "tags": {
              "level": "mid",
              "manager": "posquit1"
            },
            "tags_all": {
              "level": "mid",
              "manager": "posquit1"
            },
            "unique_id": "AIDASH3MOAEXWCY7DYMGX"
          },
          "sensitive_attributes": [],
          "private": "bnVsbA=="
        },
        {
          "index_key": "john",
          "schema_version": 0,
          "attributes": {
            "arn": "arn:aws:iam::154309361967:user/john",
            "force_destroy": false,
            "id": "john",
            "name": "john",
            "path": "/",
            "permissions_boundary": null,
            "tags": {
              "level": "high",
              "manager": "posquit2"
            },
            "tags_all": {
              "level": "high",
              "manager": "posquit2"
            },
            "unique_id": "AIDASH3MOAEX2TUVKAUDO"
          },
          "sensitive_attributes": [],
          "private": "bnVsbA=="
        }
      ]
    },
    {
      "mode": "managed",
      "type": "aws_iam_user",
      "name": "for_each_set",
      "provider": "provider[\"registry.terraform.io/hashicorp/aws\"]",
      "instances": [
        {
          "index_key": "for-each-set-user-1",
          "schema_version": 0,
          "attributes": {
            "arn": "arn:aws:iam::154309361967:user/for-each-set-user-1",
            "force_destroy": false,
            "id": "for-each-set-user-1",
            "name": "for-each-set-user-1",
            "path": "/",
            "permissions_boundary": null,
            "tags": {},
            "tags_all": {},
            "unique_id": "AIDASH3MOAEX7IAD53T4T"
          },
          "sensitive_attributes": [],
          "private": "bnVsbA=="
        },
        {
          "index_key": "for-each-set-user-2",
          "schema_version": 0,
          "attributes": {
            "arn": "arn:aws:iam::154309361967:user/for-each-set-user-2",
            "force_destroy": false,
            "id": "for-each-set-user-2",
            "name": "for-each-set-user-2",
            "path": "/",
            "permissions_boundary": null,
            "tags": {},
            "tags_all": {},
            "unique_id": "AIDASH3MOAEXSJIAI47XX"
          },
          "sensitive_attributes": [],
          "private": "bnVsbA=="
        },
        {
          "index_key": "for-each-set-user-3",
          "schema_version": 0,
          "attributes": {
            "arn": "arn:aws:iam::154309361967:user/for-each-set-user-3",
            "force_destroy": false,
            "id": "for-each-set-user-3",
            "name": "for-each-set-user-3",
            "path": "/",
            "permissions_boundary": null,
            "tags": {},
            "tags_all": {},
            "unique_id": "AIDASH3MOAEX3N4J45MVD"
          },
          "sensitive_attributes": [],
          "private": "bnVsbA=="
        }
      ]
    },
    {
      "mode": "managed",
      "type": "aws_iam_user",
      "name": "user_1",
      "provider": "provider[\"registry.terraform.io/hashicorp/aws\"]",
      "instances": [
        {
          "schema_version": 0,
          "attributes": {
            "arn": "arn:aws:iam::154309361967:user/user-1",
            "force_destroy": false,
            "id": "user-1",
            "name": "user-1",
            "path": "/",
            "permissions_boundary": null,
            "tags": null,
            "tags_all": {},
            "unique_id": "AIDASH3MOAEXXJPVGUUBF"
          },
          "sensitive_attributes": [],
          "private": "bnVsbA=="
        }
      ]
    },
    {
      "mode": "managed",
      "type": "aws_iam_user",
      "name": "user_2",
      "provider": "provider[\"registry.terraform.io/hashicorp/aws\"]",
      "instances": [
        {
          "schema_version": 0,
          "attributes": {
            "arn": "arn:aws:iam::154309361967:user/user-2",
            "force_destroy": false,
            "id": "user-2",
            "name": "user-2",
            "path": "/",
            "permissions_boundary": null,
            "tags": null,
            "tags_all": {},
            "unique_id": "AIDASH3MOAEX4TCY25DD4"
          },
          "sensitive_attributes": [],
          "private": "bnVsbA=="
        }
      ]
    },
    {
      "mode": "managed",
      "type": "aws_iam_user",
      "name": "user_3",
      "provider": "provider[\"registry.terraform.io/hashicorp/aws\"]",
      "instances": [
        {
          "schema_version": 0,
          "attributes": {
            "arn": "arn:aws:iam::154309361967:user/user-3",
            "force_destroy": false,
            "id": "user-3",
            "name": "user-3",
            "path": "/",
            "permissions_boundary": null,
            "tags": null,
            "tags_all": {},
            "unique_id": "AIDASH3MOAEXTD3RM7ZPK"
          },
          "sensitive_attributes": [],
          "private": "bnVsbA=="
        }
      ]
    }
  ]
}
