{
  "version": 4,
  "terraform_version": "1.2.5",
  "serial": 7,
  "lineage": "ea0d3253-e457-e239-bf6f-0041d97e5f31",
  "outputs": {
    "message": {
      "value": "Hello John!",
      "type": "string"
    }
  },
  "resources": [
    {
      "mode": "managed",
      "type": "aws_vpc",
      "name": "this",
      "provider": "provider[\"registry.terraform.io/hashicorp/aws\"]",
      "instances": [
        {
          "schema_version": 1,
          "attributes": {
            "arn": "arn:aws:ec2:ap-northeast-2:154309361967:vpc/vpc-040a4dbfbbc4247f0",
            "assign_generated_ipv6_cidr_block": false,
            "cidr_block": "10.0.0.0/16",
            "default_network_acl_id": "acl-04e9b1932552933d0",
            "default_route_table_id": "rtb-0eee943b574b8b96c",
            "default_security_group_id": "sg-0cc3f8b8aa1991fb8",
            "dhcp_options_id": "dopt-04ded84d2124c7a58",
            "enable_classiclink": false,
            "enable_classiclink_dns_support": false,
            "enable_dns_hostnames": false,
            "enable_dns_support": true,
            "id": "vpc-040a4dbfbbc4247f0",
            "instance_tenancy": "default",
            "ipv4_ipam_pool_id": null,
            "ipv4_netmask_length": null,
            "ipv6_association_id": "",
            "ipv6_cidr_block": "",
            "ipv6_cidr_block_network_border_group": "",
            "ipv6_ipam_pool_id": "",
            "ipv6_netmask_length": 0,
            "main_route_table_id": "rtb-0eee943b574b8b96c",
            "owner_id": "154309361967",
            "tags": {},
            "tags_all": {}
          },
          "sensitive_attributes": [],
          "private": "eyJzY2hlbWFfdmVyc2lvbiI6IjEifQ=="
        }
      ]
    }
  ]
}
