{
  "version": 4,
  "terraform_version": "1.2.5",
  "serial": 11,
  "lineage": "82dcf6bb-bbe6-24a6-8c56-2c2d6565e49e",
  "outputs": {
    "file_bar": {
      "value": {
        "content": "Hello DevOps!",
        "content_base64": "SGVsbG8gRGV2T3BzIQ==",
        "filename": "./bar.txt",
        "id": "75e616073c1bc2ea36c20434f615122bfadec3bc"
      },
      "type": [
        "object",
        {
          "content": "string",
          "content_base64": "string",
          "filename": "string",
          "id": "string"
        }
      ]
    },
    "vpc_foo": {
      "value": {
        "arn": "arn:aws:ec2:ap-northeast-2:154309361967:vpc/vpc-0999f1857d0a7d674",
        "assign_generated_ipv6_cidr_block": false,
        "cidr_block": "10.123.0.0/16",
        "default_network_acl_id": "acl-0d5e5aa2b49ee676d",
        "default_route_table_id": "rtb-023b29fdf70c9dd34",
        "default_security_group_id": "sg-0139ea9f532c91b02",
        "dhcp_options_id": "dopt-04ded84d2124c7a58",
        "enable_classiclink": false,
        "enable_classiclink_dns_support": false,
        "enable_dns_hostnames": false,
        "enable_dns_support": true,
        "id": "vpc-0999f1857d0a7d674",
        "instance_tenancy": "default",
        "ipv4_ipam_pool_id": null,
        "ipv4_netmask_length": null,
        "ipv6_association_id": "",
        "ipv6_cidr_block": "",
        "ipv6_cidr_block_network_border_group": "",
        "ipv6_ipam_pool_id": "",
        "ipv6_netmask_length": 0,
        "main_route_table_id": "rtb-023b29fdf70c9dd34",
        "owner_id": "154309361967",
        "tags": {
          "Name": "This is test VPC in Terraform"
        },
        "tags_all": {
          "Name": "This is test VPC in Terraform"
        }
      },
      "type": [
        "object",
        {
          "arn": "string",
          "assign_generated_ipv6_cidr_block": "bool",
          "cidr_block": "string",
          "default_network_acl_id": "string",
          "default_route_table_id": "string",
          "default_security_group_id": "string",
          "dhcp_options_id": "string",
          "enable_classiclink": "bool",
          "enable_classiclink_dns_support": "bool",
          "enable_dns_hostnames": "bool",
          "enable_dns_support": "bool",
          "id": "string",
          "instance_tenancy": "string",
          "ipv4_ipam_pool_id": "string",
          "ipv4_netmask_length": "number",
          "ipv6_association_id": "string",
          "ipv6_cidr_block": "string",
          "ipv6_cidr_block_network_border_group": "string",
          "ipv6_ipam_pool_id": "string",
          "ipv6_netmask_length": "number",
          "main_route_table_id": "string",
          "owner_id": "string",
          "tags": [
            "map",
            "string"
          ],
          "tags_all": [
            "map",
            "string"
          ]
        }
      ]
    },
    "vpcs": {
      "value": {
        "filter": null,
        "id": "ap-northeast-2",
        "ids": [
          "vpc-092f13e3a4684f4e5",
          "vpc-045be6d8840b8002f",
          "vpc-0999f1857d0a7d674"
        ],
        "tags": null
      },
      "type": [
        "object",
        {
          "filter": [
            "set",
            [
              "object",
              {
                "name": "string",
                "values": [
                  "list",
                  "string"
                ]
              }
            ]
          ],
          "id": "string",
          "ids": [
            "list",
            "string"
          ],
          "tags": [
            "map",
            "string"
          ]
        }
      ]
    }
  },
  "resources": [
    {
      "mode": "data",
      "type": "aws_vpcs",
      "name": "this",
      "provider": "provider[\"registry.terraform.io/hashicorp/aws\"]",
      "instances": [
        {
          "schema_version": 0,
          "attributes": {
            "filter": null,
            "id": "ap-northeast-2",
            "ids": [
              "vpc-092f13e3a4684f4e5",
              "vpc-045be6d8840b8002f",
              "vpc-0999f1857d0a7d674"
            ],
            "tags": null
          },
          "sensitive_attributes": []
        }
      ]
    },
    {
      "mode": "data",
      "type": "local_file",
      "name": "bar",
      "provider": "provider[\"registry.terraform.io/hashicorp/local\"]",
      "instances": [
        {
          "schema_version": 0,
          "attributes": {
            "content": "Hello DevOps!",
            "content_base64": "SGVsbG8gRGV2T3BzIQ==",
            "filename": "./bar.txt",
            "id": "75e616073c1bc2ea36c20434f615122bfadec3bc"
          },
          "sensitive_attributes": []
        }
      ]
    },
    {
      "mode": "managed",
      "type": "aws_vpc",
      "name": "foo",
      "provider": "provider[\"registry.terraform.io/hashicorp/aws\"]",
      "instances": [
        {
          "schema_version": 1,
          "attributes": {
            "arn": "arn:aws:ec2:ap-northeast-2:154309361967:vpc/vpc-0999f1857d0a7d674",
            "assign_generated_ipv6_cidr_block": false,
            "cidr_block": "10.123.0.0/16",
            "default_network_acl_id": "acl-0d5e5aa2b49ee676d",
            "default_route_table_id": "rtb-023b29fdf70c9dd34",
            "default_security_group_id": "sg-0139ea9f532c91b02",
            "dhcp_options_id": "dopt-04ded84d2124c7a58",
            "enable_classiclink": false,
            "enable_classiclink_dns_support": false,
            "enable_dns_hostnames": false,
            "enable_dns_support": true,
            "id": "vpc-0999f1857d0a7d674",
            "instance_tenancy": "default",
            "ipv4_ipam_pool_id": null,
            "ipv4_netmask_length": null,
            "ipv6_association_id": "",
            "ipv6_cidr_block": "",
            "ipv6_cidr_block_network_border_group": "",
            "ipv6_ipam_pool_id": "",
            "ipv6_netmask_length": 0,
            "main_route_table_id": "rtb-023b29fdf70c9dd34",
            "owner_id": "154309361967",
            "tags": {
              "Name": "This is test VPC in Terraform"
            },
            "tags_all": {
              "Name": "This is test VPC in Terraform"
            }
          },
          "sensitive_attributes": [],
          "private": "eyJzY2hlbWFfdmVyc2lvbiI6IjEifQ=="
        }
      ]
    },
    {
      "mode": "managed",
      "type": "local_file",
      "name": "foo",
      "provider": "provider[\"registry.terraform.io/hashicorp/local\"]",
      "instances": [
        {
          "schema_version": 0,
          "attributes": {
            "content": "Hello World!",
            "content_base64": null,
            "directory_permission": "0777",
            "file_permission": "0777",
            "filename": "./foo.txt",
            "id": "2ef7bde608ce5404e97d5f042f95f89f1c232871",
            "sensitive_content": null,
            "source": null
          },
          "sensitive_attributes": [],
          "private": "bnVsbA=="
        }
      ]
    }
  ]
}
